
Microsoft Visual Studio Solution File, Format Version 12.00
# Visual Studio Version 16
VisualStudioVersion = 16.0.30517.126
MinimumVisualStudioVersion = 10.0.40219.1
Project("{FAE04EC0-301F-11D3-BF4B-00C04F79EFBC}") = "CabInvoiceGenerator", "CabInvoiceGenerator\CabInvoiceGenerator.csproj", "{30318A40-0398-4229-B3B2-3939524C9350}"
EndProject
Project("{FAE04EC0-301F-11D3-BF4B-00C04F79EFBC}") = "CabInvoiceGeneratorTest", "CabInvoiceGeneratorTest\CabInvoiceGeneratorTest.csproj", "{2EE2E5E7-5AC2-49FE-A798-5BF266665FBB}"
EndProject
Global
	GlobalSection(SolutionConfigurationPlatforms) = preSolution
		Debug|Any CPU = Debug|Any CPU
		Release|Any CPU = Release|Any CPU
	EndGlobalSection
	GlobalSection(ProjectConfigurationPlatforms) = postSolution
		{30318A40-0398-4229-B3B2-3939524C9350}.Debug|Any CPU.ActiveCfg = Debug|Any CPU
		{30318A40-0398-4229-B3B2-3939524C9350}.Debug|Any CPU.Build.0 = Debug|Any CPU
		{30318A40-0398-4229-B3B2-3939524C9350}.Release|Any CPU.ActiveCfg = Release|Any CPU
		{30318A40-0398-4229-B3B2-3939524C9350}.Release|Any CPU.Build.0 = Release|Any CPU
		{2EE2E5E7-5AC2-49FE-A798-5BF266665FBB}.Debug|Any CPU.ActiveCfg = Debug|Any CPU
		{2EE2E5E7-5AC2-49FE-A798-5BF266665FBB}.Debug|Any CPU.Build.0 = Debug|Any CPU
		{2EE2E5E7-5AC2-49FE-A798-5BF266665FBB}.Release|Any CPU.ActiveCfg = Release|Any CPU
		{2EE2E5E7-5AC2-49FE-A798-5BF266665FBB}.Release|Any CPU.Build.0 = Release|Any CPU
	EndGlobalSection
	GlobalSection(SolutionProperties) = preSolution
		HideSolutionNode = FALSE
	EndGlobalSection
	GlobalSection(ExtensibilityGlobals) = postSolution
		SolutionGuid = {B23BF999-5F9E-442B-B086-1BDE3E351E53}
	EndGlobalSection
EndGlobal
